
Microsoft Visual Studio Solution File, Format Version 12.00
# Visual Studio Version 17
VisualStudioVersion = 17.12.35527.113 d17.12
MinimumVisualStudioVersion = 10.0.40219.1
Project("{FAE04EC0-301F-11D3-BF4B-00C04F79EFBC}") = "tutoria_4", "tutoria_4\tutoria_4.csproj", "{AA206A50-2EEF-4E60-B1B2-55DA43474433}"
EndProject
Global
	GlobalSection(SolutionConfigurationPlatforms) = preSolution
		Debug|Any CPU = Debug|Any CPU
		Release|Any CPU = Release|Any CPU
	EndGlobalSection
	GlobalSection(ProjectConfigurationPlatforms) = postSolution
		{AA206A50-2EEF-4E60-B1B2-55DA43474433}.Debug|Any CPU.ActiveCfg = Debug|Any CPU
		{AA206A50-2EEF-4E60-B1B2-55DA43474433}.Debug|Any CPU.Build.0 = Debug|Any CPU
		{AA206A50-2EEF-4E60-B1B2-55DA43474433}.Release|Any CPU.ActiveCfg = Release|Any CPU
		{AA206A50-2EEF-4E60-B1B2-55DA43474433}.Release|Any CPU.Build.0 = Release|Any CPU
	EndGlobalSection
	GlobalSection(SolutionProperties) = preSolution
		HideSolutionNode = FALSE
	EndGlobalSection
EndGlobal
